<?xml version="1.0" encoding="utf-8"?>
<Project ToolsVersion="4.0" xmlns="http://schemas.microsoft.com/developer/msbuild/2003">
  <ItemGroup>
    <Filter Include="소스 파일">
      <UniqueIdentifier>{4FC737F1-C7A5-4376-A066-2A32D752A2FF}</UniqueIdentifier>
      <Extensions>cpp;c;cc;cxx;def;odl;idl;hpj;bat;asm;asmx</Extensions>
    </Filter>
    <Filter Include="리소스 파일">
      <UniqueIdentifier>{67DA6AB6-F800-4c08-8B7A-83BB121AAD01}</UniqueIdentifier>
      <Extensions>rc;ico;cur;bmp;dlg;rc2;rct;bin;rgs;gif;jpg;jpeg;jpe;resx;tiff;tif;png;wav;mfcribbon-ms</Extensions>
    </Filter>
    <Filter Include="소스 파일\00.main">
      <UniqueIdentifier>{81449822-23d0-4fec-b5eb-19883dfe4f19}</UniqueIdentifier>
    </Filter>
    <Filter Include="소스 파일\099.default">
      <UniqueIdentifier>{f7cb4de3-4d61-4822-8576-ea87f378db8b}</UniqueIdentifier>
    </Filter>
    <Filter Include="소스 파일\098.header">
      <UniqueIdentifier>{dde4bad8-d1c7-4151-b8ad-8e2d9b936cd3}</UniqueIdentifier>
    </Filter>
    <Filter Include="소스 파일\01.game-object">
      <UniqueIdentifier>{d5196a7a-c68b-4100-bb82-da5b6ab7e0e7}</UniqueIdentifier>
    </Filter>
    <Filter Include="소스 파일\096.bitmap">
      <UniqueIdentifier>{c232247c-bb76-4581-8993-834da8d191f0}</UniqueIdentifier>
    </Filter>
    <Filter Include="소스 파일\096.bitmap\00.bitmapmaneger">
      <UniqueIdentifier>{5bb2269d-f663-48b4-a817-cfd7b1070498}</UniqueIdentifier>
    </Filter>
    <Filter Include="소스 파일\01.game-object\00.maneger">
      <UniqueIdentifier>{cceb94a0-aeec-4b15-8bb3-7c500f853803}</UniqueIdentifier>
    </Filter>
    <Filter Include="소스 파일\01.game-object\01.player">
      <UniqueIdentifier>{12057065-3e63-4b92-93bc-e65a489c07a4}</UniqueIdentifier>
    </Filter>
    <Filter Include="소스 파일\01.game-object\02.Bullet">
      <UniqueIdentifier>{6c087371-ff82-41fc-b61a-d968cc324874}</UniqueIdentifier>
    </Filter>
    <Filter Include="소스 파일\01.game-object\02.Bullet\00.Player_bullet">
      <UniqueIdentifier>{e82d25a6-4488-4a63-b183-81913df2badd}</UniqueIdentifier>
    </Filter>
    <Filter Include="소스 파일\02.mapobject">
      <UniqueIdentifier>{361e4ecb-24d7-49ab-be7b-016166f90129}</UniqueIdentifier>
    </Filter>
    <Filter Include="소스 파일\03.Scene">
      <UniqueIdentifier>{0a842e1a-d21f-4b57-89cd-6b6fa1a2da45}</UniqueIdentifier>
    </Filter>
    <Filter Include="소스 파일\02.mapobject\00.Tile">
      <UniqueIdentifier>{0a6fba6d-54d3-425e-a807-b51576b1e3fc}</UniqueIdentifier>
    </Filter>
    <Filter Include="소스 파일\01.game-object\03.Monster">
      <UniqueIdentifier>{f67f63f2-3cd7-4006-8dfd-41b37036d29d}</UniqueIdentifier>
    </Filter>
    <Filter Include="소스 파일\04.Scroll">
      <UniqueIdentifier>{b9e1cffb-1d59-43dd-b894-7a806b027f13}</UniqueIdentifier>
    </Filter>
    <Filter Include="소스 파일\02.mapobject\Maneger">
      <UniqueIdentifier>{79cef4de-1a23-4060-87b5-98db545f270b}</UniqueIdentifier>
    </Filter>
    <Filter Include="소스 파일\097.Collider_Maneger">
      <UniqueIdentifier>{cce95b84-2a66-4b2e-bddc-b6d077b91dc9}</UniqueIdentifier>
    </Filter>
    <Filter Include="소스 파일\02.mapobject\01,Celling">
      <UniqueIdentifier>{22489463-f3ec-4bd0-b7ec-b027d4ee76e5}</UniqueIdentifier>
    </Filter>
    <Filter Include="소스 파일\03.Scene\Maneger">
      <UniqueIdentifier>{cc1d5314-7350-430b-848e-6b29ad4d8e79}</UniqueIdentifier>
    </Filter>
    <Filter Include="소스 파일\03.Scene\00.Edit">
      <UniqueIdentifier>{9fe37309-8839-41ec-8d5d-82afe26d96bb}</UniqueIdentifier>
    </Filter>
    <Filter Include="소스 파일\03.Scene\01.Stage">
      <UniqueIdentifier>{706b1301-2fd1-49ab-a6c6-9768c29f3665}</UniqueIdentifier>
    </Filter>
    <Filter Include="소스 파일\03.Scene\02.MainMenu">
      <UniqueIdentifier>{d54d05f0-ab34-4a0c-8432-4299e82dd3d8}</UniqueIdentifier>
    </Filter>
    <Filter Include="소스 파일\02.mapobject\02.Wall">
      <UniqueIdentifier>{03ae99e9-c3fa-4a3b-81c7-483f2e9f35e3}</UniqueIdentifier>
    </Filter>
    <Filter Include="소스 파일\01.game-object\04.Gun">
      <UniqueIdentifier>{2c6b6a7b-160d-4584-9467-4efdd46aa50b}</UniqueIdentifier>
    </Filter>
    <Filter Include="소스 파일\01.game-object\03.Monster\Maneger">
      <UniqueIdentifier>{d78fd224-6b5e-4d30-a11f-14e0a7f2cbd5}</UniqueIdentifier>
    </Filter>
    <Filter Include="소스 파일\01.game-object\03.Monster\00.Turtle">
      <UniqueIdentifier>{7e80ad9d-aab1-494e-af70-bb368bdb86ff}</UniqueIdentifier>
    </Filter>
    <Filter Include="소스 파일\03.Scene\01.Stage\Stage1">
      <UniqueIdentifier>{630b1174-07fe-4c4f-ada4-74a0bdf10815}</UniqueIdentifier>
    </Filter>
    <Filter Include="소스 파일\03.Scene\01.Stage\StageBoss">
      <UniqueIdentifier>{897a1ecf-f266-41b0-bd83-734b7c98eb8c}</UniqueIdentifier>
    </Filter>
    <Filter Include="소스 파일\01.game-object\03.Monster\01.Boss">
      <UniqueIdentifier>{c001c302-53fd-4333-964e-0284d32e9c72}</UniqueIdentifier>
    </Filter>
    <Filter Include="소스 파일\02.mapobject\03.Pportal">
      <UniqueIdentifier>{93675d14-dd63-409f-98e4-34da6bfc9bea}</UniqueIdentifier>
    </Filter>
    <Filter Include="소스 파일\02.mapobject\05.PushButton">
      <UniqueIdentifier>{9a964d3b-461a-4674-b269-0cc5b712657f}</UniqueIdentifier>
    </Filter>
    <Filter Include="소스 파일\01.game-object\05.Grenade">
      <UniqueIdentifier>{30e34a6e-1462-4333-864a-9f4d00d74d5c}</UniqueIdentifier>
    </Filter>
    <Filter Include="소스 파일\01.game-object\04.Gun\00.BossGun">
      <UniqueIdentifier>{2ababd09-3847-4629-bf17-22deaafd2875}</UniqueIdentifier>
    </Filter>
    <Filter Include="소스 파일\01.game-object\04.Gun\01.machine gun">
      <UniqueIdentifier>{b6343865-4c62-4508-9d48-2a794de7a410}</UniqueIdentifier>
    </Filter>
    <Filter Include="소스 파일\01.game-object\04.Gun\02.pistol">
      <UniqueIdentifier>{a19ac0ce-4260-45ad-a03e-135067dd7da8}</UniqueIdentifier>
    </Filter>
    <Filter Include="소스 파일\01.game-object\04.Gun\03.shotgun">
      <UniqueIdentifier>{ffa6de63-0c82-4e4f-82e7-10249f5cc5db}</UniqueIdentifier>
    </Filter>
    <Filter Include="소스 파일\05.Logo">
      <UniqueIdentifier>{c41c6598-1726-4e22-8d3f-230ead8c447b}</UniqueIdentifier>
    </Filter>
    <Filter Include="소스 파일\05.Logo\Manager">
      <UniqueIdentifier>{7767fd4d-c4d0-401b-994d-4676a16dc62d}</UniqueIdentifier>
    </Filter>
    <Filter Include="소스 파일\05.Logo\StageLogo">
      <UniqueIdentifier>{db2013d4-0667-4000-a415-287a45852634}</UniqueIdentifier>
    </Filter>
    <Filter Include="소스 파일\01.game-object\06.HPbar">
      <UniqueIdentifier>{bca146b7-0dff-4612-8cc8-2fbf3418fad7}</UniqueIdentifier>
    </Filter>
    <Filter Include="소스 파일\01.game-object\06.HPbar\00.PlayerHp">
      <UniqueIdentifier>{cc9df3f4-ecb1-4e03-8b0f-4a22e64c0844}</UniqueIdentifier>
    </Filter>
    <Filter Include="소스 파일\01.game-object\06.HPbar\01.BossHp">
      <UniqueIdentifier>{340f3b45-e6ee-4fb1-bbf9-83c92706c589}</UniqueIdentifier>
    </Filter>
    <Filter Include="소스 파일\06.Wave">
      <UniqueIdentifier>{02d4bd61-a58b-4e8f-8954-0b44d1a31c2e}</UniqueIdentifier>
    </Filter>
    <Filter Include="소스 파일\01.game-object\07.Item">
      <UniqueIdentifier>{7b804779-f94c-4af6-8040-21b664cca216}</UniqueIdentifier>
    </Filter>
  </ItemGroup>
  <ItemGroup>
    <ClInclude Include="Resource.h">
      <Filter>소스 파일\099.default</Filter>
    </ClInclude>
    <ClInclude Include="시연회_발표_렐릭헌터즈.h">
      <Filter>소스 파일\099.default</Filter>
    </ClInclude>
    <ClInclude Include="stdafx.h">
      <Filter>소스 파일\099.default</Filter>
    </ClInclude>
    <ClInclude Include="targetver.h">
      <Filter>소스 파일\099.default</Filter>
    </ClInclude>
    <ClInclude Include="Main.h">
      <Filter>소스 파일\00.main</Filter>
    </ClInclude>
    <ClInclude Include="define.h">
      <Filter>소스 파일\098.header</Filter>
    </ClInclude>
    <ClInclude Include="extern.h">
      <Filter>소스 파일\098.header</Filter>
    </ClInclude>
    <ClInclude Include="enum.h">
      <Filter>소스 파일\098.header</Filter>
    </ClInclude>
    <ClInclude Include="struct.h">
      <Filter>소스 파일\098.header</Filter>
    </ClInclude>
    <ClInclude Include="function.h">
      <Filter>소스 파일\098.header</Filter>
    </ClInclude>
    <ClInclude Include="Player.h">
      <Filter>소스 파일\01.game-object\01.player</Filter>
    </ClInclude>
    <ClInclude Include="C_Bitmap.h">
      <Filter>소스 파일\096.bitmap</Filter>
    </ClInclude>
    <ClInclude Include="BitmapManeger.h">
      <Filter>소스 파일\096.bitmap\00.bitmapmaneger</Filter>
    </ClInclude>
    <ClInclude Include="GameObjectManeger.h">
      <Filter>소스 파일\01.game-object\00.maneger</Filter>
    </ClInclude>
    <ClInclude Include="Player_Bullet.h">
      <Filter>소스 파일\01.game-object\02.Bullet\00.Player_bullet</Filter>
    </ClInclude>
    <ClInclude Include="Tile.h">
      <Filter>소스 파일\02.mapobject\00.Tile</Filter>
    </ClInclude>
    <ClInclude Include="MapObject.h">
      <Filter>소스 파일\02.mapobject</Filter>
    </ClInclude>
    <ClInclude Include="MapObjectManeger.h">
      <Filter>소스 파일\02.mapobject\Maneger</Filter>
    </ClInclude>
    <ClInclude Include="GameObject.h">
      <Filter>소스 파일\01.game-object</Filter>
    </ClInclude>
    <ClInclude Include="Celling.h">
      <Filter>소스 파일\02.mapobject\01,Celling</Filter>
    </ClInclude>
    <ClInclude Include="ScrollManeger.h">
      <Filter>소스 파일\04.Scroll</Filter>
    </ClInclude>
    <ClInclude Include="Scene.h">
      <Filter>소스 파일\03.Scene</Filter>
    </ClInclude>
    <ClInclude Include="Editor.h">
      <Filter>소스 파일\03.Scene\00.Edit</Filter>
    </ClInclude>
    <ClInclude Include="SceneManeger.h">
      <Filter>소스 파일\03.Scene\Maneger</Filter>
    </ClInclude>
    <ClInclude Include="MainMenu.h">
      <Filter>소스 파일\03.Scene\02.MainMenu</Filter>
    </ClInclude>
    <ClInclude Include="Wall.h">
      <Filter>소스 파일\02.mapobject\02.Wall</Filter>
    </ClInclude>
    <ClInclude Include="ColliderManeger.h">
      <Filter>소스 파일\097.Collider_Maneger</Filter>
    </ClInclude>
    <ClInclude Include="Monster.h">
      <Filter>소스 파일\01.game-object\03.Monster</Filter>
    </ClInclude>
    <ClInclude Include="Turtle.h">
      <Filter>소스 파일\01.game-object\03.Monster\00.Turtle</Filter>
    </ClInclude>
    <ClInclude Include="MonsterManeger.h">
      <Filter>소스 파일\01.game-object\03.Monster\Maneger</Filter>
    </ClInclude>
    <ClInclude Include="Stage.h">
      <Filter>소스 파일\03.Scene\01.Stage\Stage1</Filter>
    </ClInclude>
    <ClInclude Include="BossStage.h">
      <Filter>소스 파일\03.Scene\01.Stage\StageBoss</Filter>
    </ClInclude>
    <ClInclude Include="Boss.h">
      <Filter>소스 파일\01.game-object\03.Monster\01.Boss</Filter>
    </ClInclude>
    <ClInclude Include="Portal.h">
      <Filter>소스 파일\02.mapobject\03.Pportal</Filter>
    </ClInclude>
    <ClInclude Include="PushButton.h">
      <Filter>소스 파일\02.mapobject\05.PushButton</Filter>
    </ClInclude>
    <ClInclude Include="Grenade.h">
      <Filter>소스 파일\01.game-object\05.Grenade</Filter>
    </ClInclude>
    <ClInclude Include="BossGun.h">
      <Filter>소스 파일\01.game-object\04.Gun\00.BossGun</Filter>
    </ClInclude>
    <ClInclude Include="Logo.h">
      <Filter>소스 파일\05.Logo</Filter>
    </ClInclude>
    <ClInclude Include="StageLogo.h">
      <Filter>소스 파일\05.Logo\StageLogo</Filter>
    </ClInclude>
    <ClInclude Include="HpBar.h">
      <Filter>소스 파일\01.game-object\06.HPbar</Filter>
    </ClInclude>
    <ClInclude Include="PlayerHP.h">
      <Filter>소스 파일\01.game-object\06.HPbar\00.PlayerHp</Filter>
    </ClInclude>
    <ClInclude Include="BossHPBar.h">
      <Filter>소스 파일\01.game-object\06.HPbar\01.BossHp</Filter>
    </ClInclude>
    <ClInclude Include="Wave.h">
      <Filter>소스 파일\06.Wave</Filter>
    </ClInclude>
    <ClInclude Include="Gun.h">
      <Filter>소스 파일\01.game-object\04.Gun\01.machine gun</Filter>
    </ClInclude>
    <ClInclude Include="Pistol.h">
      <Filter>소스 파일\01.game-object\04.Gun\02.pistol</Filter>
    </ClInclude>
    <ClInclude Include="ShotGun.h">
      <Filter>소스 파일\01.game-object\04.Gun\03.shotgun</Filter>
    </ClInclude>
    <ClInclude Include="Item.h">
      <Filter>소스 파일\01.game-object\07.Item</Filter>
    </ClInclude>
    <ClInclude Include="Guns.h">
      <Filter>소스 파일\01.game-object\04.Gun</Filter>
    </ClInclude>
  </ItemGroup>
  <ItemGroup>
    <ClCompile Include="시연회_발표_렐릭헌터즈.cpp">
      <Filter>소스 파일\099.default</Filter>
    </ClCompile>
    <ClCompile Include="stdafx.cpp">
      <Filter>소스 파일\099.default</Filter>
    </ClCompile>
    <ClCompile Include="Main.cpp">
      <Filter>소스 파일\00.main</Filter>
    </ClCompile>
    <ClCompile Include="Player.cpp">
      <Filter>소스 파일\01.game-object\01.player</Filter>
    </ClCompile>
    <ClCompile Include="BitmapManeger.cpp">
      <Filter>소스 파일\096.bitmap\00.bitmapmaneger</Filter>
    </ClCompile>
    <ClCompile Include="GameObjectManeger.cpp">
      <Filter>소스 파일\01.game-object\00.maneger</Filter>
    </ClCompile>
    <ClCompile Include="C_Bitmap.cpp">
      <Filter>소스 파일\096.bitmap</Filter>
    </ClCompile>
    <ClCompile Include="Tile.cpp">
      <Filter>소스 파일\02.mapobject\00.Tile</Filter>
    </ClCompile>
    <ClCompile Include="MapObject.cpp">
      <Filter>소스 파일\02.mapobject</Filter>
    </ClCompile>
    <ClCompile Include="MapObjectManeger.cpp">
      <Filter>소스 파일\02.mapobject\Maneger</Filter>
    </ClCompile>
    <ClCompile Include="Celling.cpp">
      <Filter>소스 파일\02.mapobject\01,Celling</Filter>
    </ClCompile>
    <ClCompile Include="Scene.cpp">
      <Filter>소스 파일\03.Scene</Filter>
    </ClCompile>
    <ClCompile Include="SceneManeger.cpp">
      <Filter>소스 파일\03.Scene\Maneger</Filter>
    </ClCompile>
    <ClCompile Include="Editor.cpp">
      <Filter>소스 파일\03.Scene\00.Edit</Filter>
    </ClCompile>
    <ClCompile Include="ScrollManeger.cpp">
      <Filter>소스 파일\04.Scroll</Filter>
    </ClCompile>
    <ClCompile Include="MainMenu.cpp">
      <Filter>소스 파일\03.Scene\02.MainMenu</Filter>
    </ClCompile>
    <ClCompile Include="Wall.cpp">
      <Filter>소스 파일\02.mapobject\02.Wall</Filter>
    </ClCompile>
    <ClCompile Include="ColliderManeger.cpp">
      <Filter>소스 파일\097.Collider_Maneger</Filter>
    </ClCompile>
    <ClCompile Include="Monster.cpp">
      <Filter>소스 파일\01.game-object\03.Monster</Filter>
    </ClCompile>
    <ClCompile Include="Turtle.cpp">
      <Filter>소스 파일\01.game-object\03.Monster\00.Turtle</Filter>
    </ClCompile>
    <ClCompile Include="MonsterManeger.cpp">
      <Filter>소스 파일\01.game-object\03.Monster\Maneger</Filter>
    </ClCompile>
    <ClCompile Include="Stage.cpp">
      <Filter>소스 파일\03.Scene\01.Stage\Stage1</Filter>
    </ClCompile>
    <ClCompile Include="BossStage.cpp">
      <Filter>소스 파일\03.Scene\01.Stage\StageBoss</Filter>
    </ClCompile>
    <ClCompile Include="Boss.cpp">
      <Filter>소스 파일\01.game-object\03.Monster\01.Boss</Filter>
    </ClCompile>
    <ClCompile Include="Portal.cpp">
      <Filter>소스 파일\02.mapobject\03.Pportal</Filter>
    </ClCompile>
    <ClCompile Include="PushButton.cpp">
      <Filter>소스 파일\02.mapobject\05.PushButton</Filter>
    </ClCompile>
    <ClCompile Include="Grenade.cpp">
      <Filter>소스 파일\01.game-object\05.Grenade</Filter>
    </ClCompile>
    <ClCompile Include="GameObject.cpp">
      <Filter>소스 파일\01.game-object</Filter>
    </ClCompile>
    <ClCompile Include="BossGun.cpp">
      <Filter>소스 파일\01.game-object\04.Gun\00.BossGun</Filter>
    </ClCompile>
    <ClCompile Include="Logo.cpp">
      <Filter>소스 파일\05.Logo</Filter>
    </ClCompile>
    <ClCompile Include="StageLogo.cpp">
      <Filter>소스 파일\05.Logo\StageLogo</Filter>
    </ClCompile>
    <ClCompile Include="HpBar.cpp">
      <Filter>소스 파일\01.game-object\06.HPbar</Filter>
    </ClCompile>
    <ClCompile Include="PlayerHP.cpp">
      <Filter>소스 파일\01.game-object\06.HPbar\00.PlayerHp</Filter>
    </ClCompile>
    <ClCompile Include="BossHPBar.cpp">
      <Filter>소스 파일\01.game-object\06.HPbar\01.BossHp</Filter>
    </ClCompile>
    <ClCompile Include="Wave.cpp">
      <Filter>소스 파일\06.Wave</Filter>
    </ClCompile>
    <ClCompile Include="Gun.cpp">
      <Filter>소스 파일\01.game-object\04.Gun\01.machine gun</Filter>
    </ClCompile>
    <ClCompile Include="Pistol.cpp">
      <Filter>소스 파일\01.game-object\04.Gun\02.pistol</Filter>
    </ClCompile>
    <ClCompile Include="ShotGun.cpp">
      <Filter>소스 파일\01.game-object\04.Gun\03.shotgun</Filter>
    </ClCompile>
    <ClCompile Include="Item.cpp">
      <Filter>소스 파일\01.game-object\07.Item</Filter>
    </ClCompile>
    <ClCompile Include="Guns.cpp">
      <Filter>소스 파일\01.game-object\04.Gun</Filter>
    </ClCompile>
    <ClCompile Include="Player_bullet.cpp">
      <Filter>소스 파일\01.game-object\02.Bullet\00.Player_bullet</Filter>
    </ClCompile>
  </ItemGroup>
  <ItemGroup>
    <ResourceCompile Include="시연회_발표_렐릭헌터즈.rc">
      <Filter>리소스 파일</Filter>
    </ResourceCompile>
  </ItemGroup>
  <ItemGroup>
    <Image Include="small.ico">
      <Filter>리소스 파일</Filter>
    </Image>
    <Image Include="시연회_발표_렐릭헌터즈.ico">
      <Filter>리소스 파일</Filter>
    </Image>
  </ItemGroup>
  <ItemGroup>
    <Text Include="ReadMe.txt">
      <Filter>소스 파일\099.default</Filter>
    </Text>
  </ItemGroup>
  <ItemGroup>
    <None Include="cursor1.cur">
      <Filter>리소스 파일</Filter>
    </None>
  </ItemGroup>
</Project>